
Microsoft Visual Studio Solution File, Format Version 12.00
# Visual Studio Version 17
VisualStudioVersion = 17.6.33829.357
MinimumVisualStudioVersion = 10.0.40219.1
Project("{FAE04EC0-301F-11D3-BF4B-00C04F79EFBC}") = "chat app", "chat app.csproj", "{AE30A849-F418-4380-8148-B5BED41FC0A3}"
EndProject
Global
	GlobalSection(SolutionConfigurationPlatforms) = preSolution
		Debug|Any CPU = Debug|Any CPU
		Release|Any CPU = Release|Any CPU
	EndGlobalSection
	GlobalSection(ProjectConfigurationPlatforms) = postSolution
		{AE30A849-F418-4380-8148-B5BED41FC0A3}.Debug|Any CPU.ActiveCfg = Debug|Any CPU
		{AE30A849-F418-4380-8148-B5BED41FC0A3}.Debug|Any CPU.Build.0 = Debug|Any CPU
		{AE30A849-F418-4380-8148-B5BED41FC0A3}.Release|Any CPU.ActiveCfg = Release|Any CPU
		{AE30A849-F418-4380-8148-B5BED41FC0A3}.Release|Any CPU.Build.0 = Release|Any CPU
	EndGlobalSection
	GlobalSection(SolutionProperties) = preSolution
		HideSolutionNode = FALSE
	EndGlobalSection
	GlobalSection(ExtensibilityGlobals) = postSolution
		SolutionGuid = {F0D5955E-92F1-4317-AC07-219648DA01E9}
	EndGlobalSection
EndGlobal
